// !$*UTF8*$!
{
	archiveVersion = 1;
	classes = {
	};
	objectVersion = 56;
	objects = {

/* Begin PBXBuildFile section */
		0069B5DE2C0F6FBB00CAF40A /* LandmarksApp.swift in Sources */ = {isa = PBXBuildFile; fileRef = 0069B5DD2C0F6FBB00CAF40A /* LandmarksApp.swift */; };
		0069B5E02C0F6FBB00CAF40A /* ContentView.swift in Sources */ = {isa = PBXBuildFile; fileRef = 0069B5DF2C0F6FBB00CAF40A /* ContentView.swift */; };
		0069B5E22C0F6FBC00CAF40A /* Assets.xcassets in Resources */ = {isa = PBXBuildFile; fileRef = 0069B5E12C0F6FBC00CAF40A /* Assets.xcassets */; };
		0069B5E52C0F6FBC00CAF40A /* Preview Assets.xcassets in Resources */ = {isa = PBXBuildFile; fileRef = 0069B5E42C0F6FBC00CAF40A /* Preview Assets.xcassets */; };
		0069B5EF2C0F6FBC00CAF40A /* LandmarksTests.swift in Sources */ = {isa = PBXBuildFile; fileRef = 0069B5EE2C0F6FBC00CAF40A /* LandmarksTests.swift */; };
		0069B5F92C0F6FBC00CAF40A /* LandmarksUITests.swift in Sources */ = {isa = PBXBuildFile; fileRef = 0069B5F82C0F6FBC00CAF40A /* LandmarksUITests.swift */; };
		0069B5FB2C0F6FBC00CAF40A /* LandmarksUITestsLaunchTests.swift in Sources */ = {isa = PBXBuildFile; fileRef = 0069B5FA2C0F6FBC00CAF40A /* LandmarksUITestsLaunchTests.swift */; };
		0069B6082C0F723A00CAF40A /* CircleImage.swift in Sources */ = {isa = PBXBuildFile; fileRef = 0069B6072C0F723A00CAF40A /* CircleImage.swift */; };
		0069B60A2C0F72C100CAF40A /* MapView.swift in Sources */ = {isa = PBXBuildFile; fileRef = 0069B6092C0F72C100CAF40A /* MapView.swift */; };
		0069B60C2C0F74AD00CAF40A /* landmarkData.json in Resources */ = {isa = PBXBuildFile; fileRef = 0069B60B2C0F74AD00CAF40A /* landmarkData.json */; };
		0069B60E2C0F74BB00CAF40A /* Landmark.swift in Sources */ = {isa = PBXBuildFile; fileRef = 0069B60D2C0F74BB00CAF40A /* Landmark.swift */; };
		0069B6102C0F761F00CAF40A /* ModelData.swift in Sources */ = {isa = PBXBuildFile; fileRef = 0069B60F2C0F761F00CAF40A /* ModelData.swift */; };
		0069B6152C0F799300CAF40A /* LandmarkRow.swift in Sources */ = {isa = PBXBuildFile; fileRef = 0069B6142C0F799300CAF40A /* LandmarkRow.swift */; };
		0069B6172C0F7C3000CAF40A /* LandmarkList.swift in Sources */ = {isa = PBXBuildFile; fileRef = 0069B6162C0F7C3000CAF40A /* LandmarkList.swift */; };
		0069B6192C0F7CFC00CAF40A /* LandmarkDetail.swift in Sources */ = {isa = PBXBuildFile; fileRef = 0069B6182C0F7CFC00CAF40A /* LandmarkDetail.swift */; };
		00C4BCF82C109CB700D4C566 /* FavoriteButton.swift in Sources */ = {isa = PBXBuildFile; fileRef = 00C4BCF72C109CB700D4C566 /* FavoriteButton.swift */; };
		00C4BCFC2C10BCF400D4C566 /* HexagonParameters.swift in Sources */ = {isa = PBXBuildFile; fileRef = 00C4BCFB2C10BCF400D4C566 /* HexagonParameters.swift */; };
		00C4BCFE2C10BDB700D4C566 /* BadgeBackground.swift in Sources */ = {isa = PBXBuildFile; fileRef = 00C4BCFD2C10BDB700D4C566 /* BadgeBackground.swift */; };
		00C4BD002C10C20200D4C566 /* BadgeSymbol.swift in Sources */ = {isa = PBXBuildFile; fileRef = 00C4BCFF2C10C20200D4C566 /* BadgeSymbol.swift */; };
		00C4BD022C10C26B00D4C566 /* RotatedBadgeSymbol.swift in Sources */ = {isa = PBXBuildFile; fileRef = 00C4BD012C10C26B00D4C566 /* RotatedBadgeSymbol.swift */; };
		00C4BD042C10C29200D4C566 /* Badge.swift in Sources */ = {isa = PBXBuildFile; fileRef = 00C4BD032C10C29200D4C566 /* Badge.swift */; };
/* End PBXBuildFile section */

/* Begin PBXContainerItemProxy section */
		0069B5EB2C0F6FBC00CAF40A /* PBXContainerItemProxy */ = {
			isa = PBXContainerItemProxy;
			containerPortal = 0069B5D22C0F6FBB00CAF40A /* Project object */;
			proxyType = 1;
			remoteGlobalIDString = 0069B5D92C0F6FBB00CAF40A;
			remoteInfo = Landmarks;
		};
		0069B5F52C0F6FBC00CAF40A /* PBXContainerItemProxy */ = {
			isa = PBXContainerItemProxy;
			containerPortal = 0069B5D22C0F6FBB00CAF40A /* Project object */;
			proxyType = 1;
			remoteGlobalIDString = 0069B5D92C0F6FBB00CAF40A;
			remoteInfo = Landmarks;
		};
/* End PBXContainerItemProxy section */

/* Begin PBXFileReference section */
		0069B5DA2C0F6FBB00CAF40A /* Landmarks.app */ = {isa = PBXFileReference; explicitFileType = wrapper.application; includeInIndex = 0; path = Landmarks.app; sourceTree = BUILT_PRODUCTS_DIR; };
		0069B5DD2C0F6FBB00CAF40A /* LandmarksApp.swift */ = {isa = PBXFileReference; lastKnownFileType = sourcecode.swift; path = LandmarksApp.swift; sourceTree = "<group>"; };
		0069B5DF2C0F6FBB00CAF40A /* ContentView.swift */ = {isa = PBXFileReference; lastKnownFileType = sourcecode.swift; path = ContentView.swift; sourceTree = "<group>"; };
		0069B5E12C0F6FBC00CAF40A /* Assets.xcassets */ = {isa = PBXFileReference; lastKnownFileType = folder.assetcatalog; path = Assets.xcassets; sourceTree = "<group>"; };
		0069B5E42C0F6FBC00CAF40A /* Preview Assets.xcassets */ = {isa = PBXFileReference; lastKnownFileType = folder.assetcatalog; path = "Preview Assets.xcassets"; sourceTree = "<group>"; };
		0069B5EA2C0F6FBC00CAF40A /* LandmarksTests.xctest */ = {isa = PBXFileReference; explicitFileType = wrapper.cfbundle; includeInIndex = 0; path = LandmarksTests.xctest; sourceTree = BUILT_PRODUCTS_DIR; };
		0069B5EE2C0F6FBC00CAF40A /* LandmarksTests.swift */ = {isa = PBXFileReference; lastKnownFileType = sourcecode.swift; path = LandmarksTests.swift; sourceTree = "<group>"; };
		0069B5F42C0F6FBC00CAF40A /* LandmarksUITests.xctest */ = {isa = PBXFileReference; explicitFileType = wrapper.cfbundle; includeInIndex = 0; path = LandmarksUITests.xctest; sourceTree = BUILT_PRODUCTS_DIR; };
		0069B5F82C0F6FBC00CAF40A /* LandmarksUITests.swift */ = {isa = PBXFileReference; lastKnownFileType = sourcecode.swift; path = LandmarksUITests.swift; sourceTree = "<group>"; };
		0069B5FA2C0F6FBC00CAF40A /* LandmarksUITestsLaunchTests.swift */ = {isa = PBXFileReference; lastKnownFileType = sourcecode.swift; path = LandmarksUITestsLaunchTests.swift; sourceTree = "<group>"; };
		0069B6072C0F723A00CAF40A /* CircleImage.swift */ = {isa = PBXFileReference; lastKnownFileType = sourcecode.swift; path = CircleImage.swift; sourceTree = "<group>"; };
		0069B6092C0F72C100CAF40A /* MapView.swift */ = {isa = PBXFileReference; lastKnownFileType = sourcecode.swift; path = MapView.swift; sourceTree = "<group>"; };
		0069B60B2C0F74AD00CAF40A /* landmarkData.json */ = {isa = PBXFileReference; fileEncoding = 4; lastKnownFileType = text.json; path = landmarkData.json; sourceTree = "<group>"; };
		0069B60D2C0F74BB00CAF40A /* Landmark.swift */ = {isa = PBXFileReference; lastKnownFileType = sourcecode.swift; path = Landmark.swift; sourceTree = "<group>"; };
		0069B60F2C0F761F00CAF40A /* ModelData.swift */ = {isa = PBXFileReference; lastKnownFileType = sourcecode.swift; path = ModelData.swift; sourceTree = "<group>"; };
		0069B6142C0F799300CAF40A /* LandmarkRow.swift */ = {isa = PBXFileReference; lastKnownFileType = sourcecode.swift; path = LandmarkRow.swift; sourceTree = "<group>"; };
		0069B6162C0F7C3000CAF40A /* LandmarkList.swift */ = {isa = PBXFileReference; lastKnownFileType = sourcecode.swift; path = LandmarkList.swift; sourceTree = "<group>"; };
		0069B6182C0F7CFC00CAF40A /* LandmarkDetail.swift */ = {isa = PBXFileReference; lastKnownFileType = sourcecode.swift; path = LandmarkDetail.swift; sourceTree = "<group>"; };
		00C4BCF72C109CB700D4C566 /* FavoriteButton.swift */ = {isa = PBXFileReference; lastKnownFileType = sourcecode.swift; path = FavoriteButton.swift; sourceTree = "<group>"; };
		00C4BCFB2C10BCF400D4C566 /* HexagonParameters.swift */ = {isa = PBXFileReference; lastKnownFileType = sourcecode.swift; path = HexagonParameters.swift; sourceTree = "<group>"; };
		00C4BCFD2C10BDB700D4C566 /* BadgeBackground.swift */ = {isa = PBXFileReference; lastKnownFileType = sourcecode.swift; path = BadgeBackground.swift; sourceTree = "<group>"; };
		00C4BCFF2C10C20200D4C566 /* BadgeSymbol.swift */ = {isa = PBXFileReference; lastKnownFileType = sourcecode.swift; path = BadgeSymbol.swift; sourceTree = "<group>"; };
		00C4BD012C10C26B00D4C566 /* RotatedBadgeSymbol.swift */ = {isa = PBXFileReference; lastKnownFileType = sourcecode.swift; path = RotatedBadgeSymbol.swift; sourceTree = "<group>"; };
		00C4BD032C10C29200D4C566 /* Badge.swift */ = {isa = PBXFileReference; lastKnownFileType = sourcecode.swift; path = Badge.swift; sourceTree = "<group>"; };
/* End PBXFileReference section */

/* Begin PBXFrameworksBuildPhase section */
		0069B5D72C0F6FBB00CAF40A /* Frameworks */ = {
			isa = PBXFrameworksBuildPhase;
			buildActionMask = 2147483647;
			files = (
			);
			runOnlyForDeploymentPostprocessing = 0;
		};
		0069B5E72C0F6FBC00CAF40A /* Frameworks */ = {
			isa = PBXFrameworksBuildPhase;
			buildActionMask = 2147483647;
			files = (
			);
			runOnlyForDeploymentPostprocessing = 0;
		};
		0069B5F12C0F6FBC00CAF40A /* Frameworks */ = {
			isa = PBXFrameworksBuildPhase;
			buildActionMask = 2147483647;
			files = (
			);
			runOnlyForDeploymentPostprocessing = 0;
		};
/* End PBXFrameworksBuildPhase section */

/* Begin PBXGroup section */
		0069B5D12C0F6FBB00CAF40A = {
			isa = PBXGroup;
			children = (
				0069B5DC2C0F6FBB00CAF40A /* Landmarks */,
				0069B5ED2C0F6FBC00CAF40A /* LandmarksTests */,
				0069B5F72C0F6FBC00CAF40A /* LandmarksUITests */,
				0069B5DB2C0F6FBB00CAF40A /* Products */,
			);
			sourceTree = "<group>";
		};
		0069B5DB2C0F6FBB00CAF40A /* Products */ = {
			isa = PBXGroup;
			children = (
				0069B5DA2C0F6FBB00CAF40A /* Landmarks.app */,
				0069B5EA2C0F6FBC00CAF40A /* LandmarksTests.xctest */,
				0069B5F42C0F6FBC00CAF40A /* LandmarksUITests.xctest */,
			);
			name = Products;
			sourceTree = "<group>";
		};
		0069B5DC2C0F6FBB00CAF40A /* Landmarks */ = {
			isa = PBXGroup;
			children = (
				0069B5DD2C0F6FBB00CAF40A /* LandmarksApp.swift */,
				0069B6122C0F778F00CAF40A /* Model */,
				0069B6132C0F77AF00CAF40A /* Resources */,
				0069B6112C0F776600CAF40A /* Views */,
				0069B5E12C0F6FBC00CAF40A /* Assets.xcassets */,
				0069B5E32C0F6FBC00CAF40A /* Preview Content */,
			);
			path = Landmarks;
			sourceTree = "<group>";
		};
		0069B5E32C0F6FBC00CAF40A /* Preview Content */ = {
			isa = PBXGroup;
			children = (
				0069B5E42C0F6FBC00CAF40A /* Preview Assets.xcassets */,
			);
			path = "Preview Content";
			sourceTree = "<group>";
		};
		0069B5ED2C0F6FBC00CAF40A /* LandmarksTests */ = {
			isa = PBXGroup;
			children = (
				0069B5EE2C0F6FBC00CAF40A /* LandmarksTests.swift */,
			);
			path = LandmarksTests;
			sourceTree = "<group>";
		};
		0069B5F72C0F6FBC00CAF40A /* LandmarksUITests */ = {
			isa = PBXGroup;
			children = (
				0069B5F82C0F6FBC00CAF40A /* LandmarksUITests.swift */,
				0069B5FA2C0F6FBC00CAF40A /* LandmarksUITestsLaunchTests.swift */,
			);
			path = LandmarksUITests;
			sourceTree = "<group>";
		};
		0069B6112C0F776600CAF40A /* Views */ = {
			isa = PBXGroup;
			children = (
				00C4BD052C10C32F00D4C566 /* Badges */,
				0069B5DF2C0F6FBB00CAF40A /* ContentView.swift */,
				00C4BCFA2C109D6E00D4C566 /* Landmarks */,
				00C4BCF92C109D5100D4C566 /* Helper */,
			);
			path = Views;
			sourceTree = "<group>";
		};
		0069B6122C0F778F00CAF40A /* Model */ = {
			isa = PBXGroup;
			children = (
				0069B60F2C0F761F00CAF40A /* ModelData.swift */,
				0069B60D2C0F74BB00CAF40A /* Landmark.swift */,
			);
			path = Model;
			sourceTree = "<group>";
		};
		0069B6132C0F77AF00CAF40A /* Resources */ = {
			isa = PBXGroup;
			children = (
				0069B60B2C0F74AD00CAF40A /* landmarkData.json */,
			);
			path = Resources;
			sourceTree = "<group>";
		};
		00C4BCF92C109D5100D4C566 /* Helper */ = {
			isa = PBXGroup;
			children = (
				0069B6072C0F723A00CAF40A /* CircleImage.swift */,
				0069B6092C0F72C100CAF40A /* MapView.swift */,
				00C4BCF72C109CB700D4C566 /* FavoriteButton.swift */,
			);
			path = Helper;
			sourceTree = "<group>";
		};
		00C4BCFA2C109D6E00D4C566 /* Landmarks */ = {
			isa = PBXGroup;
			children = (
				0069B6142C0F799300CAF40A /* LandmarkRow.swift */,
				0069B6162C0F7C3000CAF40A /* LandmarkList.swift */,
				0069B6182C0F7CFC00CAF40A /* LandmarkDetail.swift */,
			);
			path = Landmarks;
			sourceTree = "<group>";
		};
		00C4BD052C10C32F00D4C566 /* Badges */ = {
			isa = PBXGroup;
			children = (
				00C4BCFB2C10BCF400D4C566 /* HexagonParameters.swift */,
				00C4BCFD2C10BDB700D4C566 /* BadgeBackground.swift */,
				00C4BCFF2C10C20200D4C566 /* BadgeSymbol.swift */,
				00C4BD012C10C26B00D4C566 /* RotatedBadgeSymbol.swift */,
				00C4BD032C10C29200D4C566 /* Badge.swift */,
			);
			path = Badges;
			sourceTree = "<group>";
		};
/* End PBXGroup section */

/* Begin PBXNativeTarget section */
		0069B5D92C0F6FBB00CAF40A /* Landmarks */ = {
			isa = PBXNativeTarget;
			buildConfigurationList = 0069B5FE2C0F6FBC00CAF40A /* Build configuration list for PBXNativeTarget "Landmarks" */;
			buildPhases = (
				0069B5D62C0F6FBB00CAF40A /* Sources */,
				0069B5D72C0F6FBB00CAF40A /* Frameworks */,
				0069B5D82C0F6FBB00CAF40A /* Resources */,
			);
			buildRules = (
			);
			dependencies = (
			);
			name = Landmarks;
			productName = Landmarks;
			productReference = 0069B5DA2C0F6FBB00CAF40A /* Landmarks.app */;
			productType = "com.apple.product-type.application";
		};
		0069B5E92C0F6FBC00CAF40A /* LandmarksTests */ = {
			isa = PBXNativeTarget;
			buildConfigurationList = 0069B6012C0F6FBC00CAF40A /* Build configuration list for PBXNativeTarget "LandmarksTests" */;
			buildPhases = (
				0069B5E62C0F6FBC00CAF40A /* Sources */,
				0069B5E72C0F6FBC00CAF40A /* Frameworks */,
				0069B5E82C0F6FBC00CAF40A /* Resources */,
			);
			buildRules = (
			);
			dependencies = (
				0069B5EC2C0F6FBC00CAF40A /* PBXTargetDependency */,
			);
			name = LandmarksTests;
			productName = LandmarksTests;
			productReference = 0069B5EA2C0F6FBC00CAF40A /* LandmarksTests.xctest */;
			productType = "com.apple.product-type.bundle.unit-test";
		};
		0069B5F32C0F6FBC00CAF40A /* LandmarksUITests */ = {
			isa = PBXNativeTarget;
			buildConfigurationList = 0069B6042C0F6FBC00CAF40A /* Build configuration list for PBXNativeTarget "LandmarksUITests" */;
			buildPhases = (
				0069B5F02C0F6FBC00CAF40A /* Sources */,
				0069B5F12C0F6FBC00CAF40A /* Frameworks */,
				0069B5F22C0F6FBC00CAF40A /* Resources */,
			);
			buildRules = (
			);
			dependencies = (
				0069B5F62C0F6FBC00CAF40A /* PBXTargetDependency */,
			);
			name = LandmarksUITests;
			productName = LandmarksUITests;
			productReference = 0069B5F42C0F6FBC00CAF40A /* LandmarksUITests.xctest */;
			productType = "com.apple.product-type.bundle.ui-testing";
		};
/* End PBXNativeTarget section */

/* Begin PBXProject section */
		0069B5D22C0F6FBB00CAF40A /* Project object */ = {
			isa = PBXProject;
			attributes = {
				BuildIndependentTargetsInParallel = 1;
				LastSwiftUpdateCheck = 1540;
				LastUpgradeCheck = 1540;
				TargetAttributes = {
					0069B5D92C0F6FBB00CAF40A = {
						CreatedOnToolsVersion = 15.4;
					};
					0069B5E92C0F6FBC00CAF40A = {
						CreatedOnToolsVersion = 15.4;
						TestTargetID = 0069B5D92C0F6FBB00CAF40A;
					};
					0069B5F32C0F6FBC00CAF40A = {
						CreatedOnToolsVersion = 15.4;
						TestTargetID = 0069B5D92C0F6FBB00CAF40A;
					};
				};
			};
			buildConfigurationList = 0069B5D52C0F6FBB00CAF40A /* Build configuration list for PBXProject "Landmarks" */;
			compatibilityVersion = "Xcode 14.0";
			developmentRegion = en;
			hasScannedForEncodings = 0;
			knownRegions = (
				en,
				Base,
			);
			mainGroup = 0069B5D12C0F6FBB00CAF40A;
			productRefGroup = 0069B5DB2C0F6FBB00CAF40A /* Products */;
			projectDirPath = "";
			projectRoot = "";
			targets = (
				0069B5D92C0F6FBB00CAF40A /* Landmarks */,
				0069B5E92C0F6FBC00CAF40A /* LandmarksTests */,
				0069B5F32C0F6FBC00CAF40A /* LandmarksUITests */,
			);
		};
/* End PBXProject section */

/* Begin PBXResourcesBuildPhase section */
		0069B5D82C0F6FBB00CAF40A /* Resources */ = {
			isa = PBXResourcesBuildPhase;
			buildActionMask = 2147483647;
			files = (
				0069B5E52C0F6FBC00CAF40A /* Preview Assets.xcassets in Resources */,
				0069B5E22C0F6FBC00CAF40A /* Assets.xcassets in Resources */,
				0069B60C2C0F74AD00CAF40A /* landmarkData.json in Resources */,
			);
			runOnlyForDeploymentPostprocessing = 0;
		};
		0069B5E82C0F6FBC00CAF40A /* Resources */ = {
			isa = PBXResourcesBuildPhase;
			buildActionMask = 2147483647;
			files = (
			);
			runOnlyForDeploymentPostprocessing = 0;
		};
		0069B5F22C0F6FBC00CAF40A /* Resources */ = {
			isa = PBXResourcesBuildPhase;
			buildActionMask = 2147483647;
			files = (
			);
			runOnlyForDeploymentPostprocessing = 0;
		};
/* End PBXResourcesBuildPhase section */

/* Begin PBXSourcesBuildPhase section */
		0069B5D62C0F6FBB00CAF40A /* Sources */ = {
			isa = PBXSourcesBuildPhase;
			buildActionMask = 2147483647;
			files = (
				0069B5E02C0F6FBB00CAF40A /* ContentView.swift in Sources */,
				00C4BD042C10C29200D4C566 /* Badge.swift in Sources */,
				0069B60A2C0F72C100CAF40A /* MapView.swift in Sources */,
				0069B5DE2C0F6FBB00CAF40A /* LandmarksApp.swift in Sources */,
				00C4BCF82C109CB700D4C566 /* FavoriteButton.swift in Sources */,
				00C4BCFC2C10BCF400D4C566 /* HexagonParameters.swift in Sources */,
				00C4BD022C10C26B00D4C566 /* RotatedBadgeSymbol.swift in Sources */,
				00C4BD002C10C20200D4C566 /* BadgeSymbol.swift in Sources */,
				0069B6172C0F7C3000CAF40A /* LandmarkList.swift in Sources */,
				0069B6192C0F7CFC00CAF40A /* LandmarkDetail.swift in Sources */,
				00C4BCFE2C10BDB700D4C566 /* BadgeBackground.swift in Sources */,
				0069B6082C0F723A00CAF40A /* CircleImage.swift in Sources */,
				0069B60E2C0F74BB00CAF40A /* Landmark.swift in Sources */,
				0069B6152C0F799300CAF40A /* LandmarkRow.swift in Sources */,
				0069B6102C0F761F00CAF40A /* ModelData.swift in Sources */,
			);
			runOnlyForDeploymentPostprocessing = 0;
		};
		0069B5E62C0F6FBC00CAF40A /* Sources */ = {
			isa = PBXSourcesBuildPhase;
			buildActionMask = 2147483647;
			files = (
				0069B5EF2C0F6FBC00CAF40A /* LandmarksTests.swift in Sources */,
			);
			runOnlyForDeploymentPostprocessing = 0;
		};
		0069B5F02C0F6FBC00CAF40A /* Sources */ = {
			isa = PBXSourcesBuildPhase;
			buildActionMask = 2147483647;
			files = (
				0069B5FB2C0F6FBC00CAF40A /* LandmarksUITestsLaunchTests.swift in Sources */,
				0069B5F92C0F6FBC00CAF40A /* LandmarksUITests.swift in Sources */,
			);
			runOnlyForDeploymentPostprocessing = 0;
		};
/* End PBXSourcesBuildPhase section */

/* Begin PBXTargetDependency section */
		0069B5EC2C0F6FBC00CAF40A /* PBXTargetDependency */ = {
			isa = PBXTargetDependency;
			target = 0069B5D92C0F6FBB00CAF40A /* Landmarks */;
			targetProxy = 0069B5EB2C0F6FBC00CAF40A /* PBXContainerItemProxy */;
		};
		0069B5F62C0F6FBC00CAF40A /* PBXTargetDependency */ = {
			isa = PBXTargetDependency;
			target = 0069B5D92C0F6FBB00CAF40A /* Landmarks */;
			targetProxy = 0069B5F52C0F6FBC00CAF40A /* PBXContainerItemProxy */;
		};
/* End PBXTargetDependency section */

/* Begin XCBuildConfiguration section */
		0069B5FC2C0F6FBC00CAF40A /* Debug */ = {
			isa = XCBuildConfiguration;
			buildSettings = {
				ALWAYS_SEARCH_USER_PATHS = NO;
				ASSETCATALOG_COMPILER_GENERATE_SWIFT_ASSET_SYMBOL_EXTENSIONS = YES;
				CLANG_ANALYZER_NONNULL = YES;
				CLANG_ANALYZER_NUMBER_OBJECT_CONVERSION = YES_AGGRESSIVE;
				CLANG_CXX_LANGUAGE_STANDARD = "gnu++20";
				CLANG_ENABLE_MODULES = YES;
				CLANG_ENABLE_OBJC_ARC = YES;
				CLANG_ENABLE_OBJC_WEAK = YES;
				CLANG_WARN_BLOCK_CAPTURE_AUTORELEASING = YES;
				CLANG_WARN_BOOL_CONVERSION = YES;
				CLANG_WARN_COMMA = YES;
				CLANG_WARN_CONSTANT_CONVERSION = YES;
				CLANG_WARN_DEPRECATED_OBJC_IMPLEMENTATIONS = YES;
				CLANG_WARN_DIRECT_OBJC_ISA_USAGE = YES_ERROR;
				CLANG_WARN_DOCUMENTATION_COMMENTS = YES;
				CLANG_WARN_EMPTY_BODY = YES;
				CLANG_WARN_ENUM_CONVERSION = YES;
				CLANG_WARN_INFINITE_RECURSION = YES;
				CLANG_WARN_INT_CONVERSION = YES;
				CLANG_WARN_NON_LITERAL_NULL_CONVERSION = YES;
				CLANG_WARN_OBJC_IMPLICIT_RETAIN_SELF = YES;
				CLANG_WARN_OBJC_LITERAL_CONVERSION = YES;
				CLANG_WARN_OBJC_ROOT_CLASS = YES_ERROR;
				CLANG_WARN_QUOTED_INCLUDE_IN_FRAMEWORK_HEADER = YES;
				CLANG_WARN_RANGE_LOOP_ANALYSIS = YES;
				CLANG_WARN_STRICT_PROTOTYPES = YES;
				CLANG_WARN_SUSPICIOUS_MOVE = YES;
				CLANG_WARN_UNGUARDED_AVAILABILITY = YES_AGGRESSIVE;
				CLANG_WARN_UNREACHABLE_CODE = YES;
				CLANG_WARN__DUPLICATE_METHOD_MATCH = YES;
				COPY_PHASE_STRIP = NO;
				DEBUG_INFORMATION_FORMAT = dwarf;
				ENABLE_STRICT_OBJC_MSGSEND = YES;
				ENABLE_TESTABILITY = YES;
				ENABLE_USER_SCRIPT_SANDBOXING = YES;
				GCC_C_LANGUAGE_STANDARD = gnu17;
				GCC_DYNAMIC_NO_PIC = NO;
				GCC_NO_COMMON_BLOCKS = YES;
				GCC_OPTIMIZATION_LEVEL = 0;
				GCC_PREPROCESSOR_DEFINITIONS = (
					"DEBUG=1",
					"$(inherited)",
				);
				GCC_WARN_64_TO_32_BIT_CONVERSION = YES;
				GCC_WARN_ABOUT_RETURN_TYPE = YES_ERROR;
				GCC_WARN_UNDECLARED_SELECTOR = YES;
				GCC_WARN_UNINITIALIZED_AUTOS = YES_AGGRESSIVE;
				GCC_WARN_UNUSED_FUNCTION = YES;
				GCC_WARN_UNUSED_VARIABLE = YES;
				IPHONEOS_DEPLOYMENT_TARGET = 17.5;
				LOCALIZATION_PREFERS_STRING_CATALOGS = YES;
				MTL_ENABLE_DEBUG_INFO = INCLUDE_SOURCE;
				MTL_FAST_MATH = YES;
				ONLY_ACTIVE_ARCH = YES;
				SDKROOT = iphoneos;
				SWIFT_ACTIVE_COMPILATION_CONDITIONS = "DEBUG $(inherited)";
				SWIFT_OPTIMIZATION_LEVEL = "-Onone";
			};
			name = Debug;
		};
		0069B5FD2C0F6FBC00CAF40A /* Release */ = {
			isa = XCBuildConfiguration;
			buildSettings = {
				ALWAYS_SEARCH_USER_PATHS = NO;
				ASSETCATALOG_COMPILER_GENERATE_SWIFT_ASSET_SYMBOL_EXTENSIONS = YES;
				CLANG_ANALYZER_NONNULL = YES;
				CLANG_ANALYZER_NUMBER_OBJECT_CONVERSION = YES_AGGRESSIVE;
				CLANG_CXX_LANGUAGE_STANDARD = "gnu++20";
				CLANG_ENABLE_MODULES = YES;
				CLANG_ENABLE_OBJC_ARC = YES;
				CLANG_ENABLE_OBJC_WEAK = YES;
				CLANG_WARN_BLOCK_CAPTURE_AUTORELEASING = YES;
				CLANG_WARN_BOOL_CONVERSION = YES;
				CLANG_WARN_COMMA = YES;
				CLANG_WARN_CONSTANT_CONVERSION = YES;
				CLANG_WARN_DEPRECATED_OBJC_IMPLEMENTATIONS = YES;
				CLANG_WARN_DIRECT_OBJC_ISA_USAGE = YES_ERROR;
				CLANG_WARN_DOCUMENTATION_COMMENTS = YES;
				CLANG_WARN_EMPTY_BODY = YES;
				CLANG_WARN_ENUM_CONVERSION = YES;
				CLANG_WARN_INFINITE_RECURSION = YES;
				CLANG_WARN_INT_CONVERSION = YES;
				CLANG_WARN_NON_LITERAL_NULL_CONVERSION = YES;
				CLANG_WARN_OBJC_IMPLICIT_RETAIN_SELF = YES;
				CLANG_WARN_OBJC_LITERAL_CONVERSION = YES;
				CLANG_WARN_OBJC_ROOT_CLASS = YES_ERROR;
				CLANG_WARN_QUOTED_INCLUDE_IN_FRAMEWORK_HEADER = YES;
				CLANG_WARN_RANGE_LOOP_ANALYSIS = YES;
				CLANG_WARN_STRICT_PROTOTYPES = YES;
				CLANG_WARN_SUSPICIOUS_MOVE = YES;
				CLANG_WARN_UNGUARDED_AVAILABILITY = YES_AGGRESSIVE;
				CLANG_WARN_UNREACHABLE_CODE = YES;
				CLANG_WARN__DUPLICATE_METHOD_MATCH = YES;
				COPY_PHASE_STRIP = NO;
				DEBUG_INFORMATION_FORMAT = "dwarf-with-dsym";
				ENABLE_NS_ASSERTIONS = NO;
				ENABLE_STRICT_OBJC_MSGSEND = YES;
				ENABLE_USER_SCRIPT_SANDBOXING = YES;
				GCC_C_LANGUAGE_STANDARD = gnu17;
				GCC_NO_COMMON_BLOCKS = YES;
				GCC_WARN_64_TO_32_BIT_CONVERSION = YES;
				GCC_WARN_ABOUT_RETURN_TYPE = YES_ERROR;
				GCC_WARN_UNDECLARED_SELECTOR = YES;
				GCC_WARN_UNINITIALIZED_AUTOS = YES_AGGRESSIVE;
				GCC_WARN_UNUSED_FUNCTION = YES;
				GCC_WARN_UNUSED_VARIABLE = YES;
				IPHONEOS_DEPLOYMENT_TARGET = 17.5;
				LOCALIZATION_PREFERS_STRING_CATALOGS = YES;
				MTL_ENABLE_DEBUG_INFO = NO;
				MTL_FAST_MATH = YES;
				SDKROOT = iphoneos;
				SWIFT_COMPILATION_MODE = wholemodule;
				VALIDATE_PRODUCT = YES;
			};
			name = Release;
		};
		0069B5FF2C0F6FBC00CAF40A /* Debug */ = {
			isa = XCBuildConfiguration;
			buildSettings = {
				ASSETCATALOG_COMPILER_APPICON_NAME = AppIcon;
				ASSETCATALOG_COMPILER_GLOBAL_ACCENT_COLOR_NAME = AccentColor;
				CODE_SIGN_STYLE = Automatic;
				CURRENT_PROJECT_VERSION = 1;
				DEVELOPMENT_ASSET_PATHS = "\"Landmarks/Preview Content\"";
				DEVELOPMENT_TEAM = JQZ4NGLM6Z;
				ENABLE_PREVIEWS = YES;
				GENERATE_INFOPLIST_FILE = YES;
				INFOPLIST_KEY_UIApplicationSceneManifest_Generation = YES;
				INFOPLIST_KEY_UIApplicationSupportsIndirectInputEvents = YES;
				INFOPLIST_KEY_UILaunchScreen_Generation = YES;
				INFOPLIST_KEY_UISupportedInterfaceOrientations_iPad = "UIInterfaceOrientationPortrait UIInterfaceOrientationPortraitUpsideDown UIInterfaceOrientationLandscapeLeft UIInterfaceOrientationLandscapeRight";
				INFOPLIST_KEY_UISupportedInterfaceOrientations_iPhone = "UIInterfaceOrientationPortrait UIInterfaceOrientationLandscapeLeft UIInterfaceOrientationLandscapeRight";
				LD_RUNPATH_SEARCH_PATHS = (
					"$(inherited)",
					"@executable_path/Frameworks",
				);
				MARKETING_VERSION = 1.0;
				PRODUCT_BUNDLE_IDENTIFIER = name.guntherhaas.Landmarks;
				PRODUCT_NAME = "$(TARGET_NAME)";
				SWIFT_EMIT_LOC_STRINGS = YES;
				SWIFT_VERSION = 5.0;
				TARGETED_DEVICE_FAMILY = "1,2";
			};
			name = Debug;
		};
		0069B6002C0F6FBC00CAF40A /* Release */ = {
			isa = XCBuildConfiguration;
			buildSettings = {
				ASSETCATALOG_COMPILER_APPICON_NAME = AppIcon;
				ASSETCATALOG_COMPILER_GLOBAL_ACCENT_COLOR_NAME = AccentColor;
				CODE_SIGN_STYLE = Automatic;
				CURRENT_PROJECT_VERSION = 1;
				DEVELOPMENT_ASSET_PATHS = "\"Landmarks/Preview Content\"";
				DEVELOPMENT_TEAM = JQZ4NGLM6Z;
				ENABLE_PREVIEWS = YES;
				GENERATE_INFOPLIST_FILE = YES;
				INFOPLIST_KEY_UIApplicationSceneManifest_Generation = YES;
				INFOPLIST_KEY_UIApplicationSupportsIndirectInputEvents = YES;
				INFOPLIST_KEY_UILaunchScreen_Generation = YES;
				INFOPLIST_KEY_UISupportedInterfaceOrientations_iPad = "UIInterfaceOrientationPortrait UIInterfaceOrientationPortraitUpsideDown UIInterfaceOrientationLandscapeLeft UIInterfaceOrientationLandscapeRight";
				INFOPLIST_KEY_UISupportedInterfaceOrientations_iPhone = "UIInterfaceOrientationPortrait UIInterfaceOrientationLandscapeLeft UIInterfaceOrientationLandscapeRight";
				LD_RUNPATH_SEARCH_PATHS = (
					"$(inherited)",
					"@executable_path/Frameworks",
				);
				MARKETING_VERSION = 1.0;
				PRODUCT_BUNDLE_IDENTIFIER = name.guntherhaas.Landmarks;
				PRODUCT_NAME = "$(TARGET_NAME)";
				SWIFT_EMIT_LOC_STRINGS = YES;
				SWIFT_VERSION = 5.0;
				TARGETED_DEVICE_FAMILY = "1,2";
			};
			name = Release;
		};
		0069B6022C0F6FBC00CAF40A /* Debug */ = {
			isa = XCBuildConfiguration;
			buildSettings = {
				ALWAYS_EMBED_SWIFT_STANDARD_LIBRARIES = YES;
				BUNDLE_LOADER = "$(TEST_HOST)";
				CODE_SIGN_STYLE = Automatic;
				CURRENT_PROJECT_VERSION = 1;
				DEVELOPMENT_TEAM = JQZ4NGLM6Z;
				GENERATE_INFOPLIST_FILE = YES;
				IPHONEOS_DEPLOYMENT_TARGET = 17.5;
				MARKETING_VERSION = 1.0;
				PRODUCT_BUNDLE_IDENTIFIER = name.guntherhaas.LandmarksTests;
				PRODUCT_NAME = "$(TARGET_NAME)";
				SWIFT_EMIT_LOC_STRINGS = NO;
				SWIFT_VERSION = 5.0;
				TARGETED_DEVICE_FAMILY = "1,2";
				TEST_HOST = "$(BUILT_PRODUCTS_DIR)/Landmarks.app/$(BUNDLE_EXECUTABLE_FOLDER_PATH)/Landmarks";
			};
			name = Debug;
		};
		0069B6032C0F6FBC00CAF40A /* Release */ = {
			isa = XCBuildConfiguration;
			buildSettings = {
				ALWAYS_EMBED_SWIFT_STANDARD_LIBRARIES = YES;
				BUNDLE_LOADER = "$(TEST_HOST)";
				CODE_SIGN_STYLE = Automatic;
				CURRENT_PROJECT_VERSION = 1;
				DEVELOPMENT_TEAM = JQZ4NGLM6Z;
				GENERATE_INFOPLIST_FILE = YES;
				IPHONEOS_DEPLOYMENT_TARGET = 17.5;
				MARKETING_VERSION = 1.0;
				PRODUCT_BUNDLE_IDENTIFIER = name.guntherhaas.LandmarksTests;
				PRODUCT_NAME = "$(TARGET_NAME)";
				SWIFT_EMIT_LOC_STRINGS = NO;
				SWIFT_VERSION = 5.0;
				TARGETED_DEVICE_FAMILY = "1,2";
				TEST_HOST = "$(BUILT_PRODUCTS_DIR)/Landmarks.app/$(BUNDLE_EXECUTABLE_FOLDER_PATH)/Landmarks";
			};
			name = Release;
		};
		0069B6052C0F6FBC00CAF40A /* Debug */ = {
			isa = XCBuildConfiguration;
			buildSettings = {
				ALWAYS_EMBED_SWIFT_STANDARD_LIBRARIES = YES;
				CODE_SIGN_STYLE = Automatic;
				CURRENT_PROJECT_VERSION = 1;
				DEVELOPMENT_TEAM = JQZ4NGLM6Z;
				GENERATE_INFOPLIST_FILE = YES;
				MARKETING_VERSION = 1.0;
				PRODUCT_BUNDLE_IDENTIFIER = name.guntherhaas.LandmarksUITests;
				PRODUCT_NAME = "$(TARGET_NAME)";
				SWIFT_EMIT_LOC_STRINGS = NO;
				SWIFT_VERSION = 5.0;
				TARGETED_DEVICE_FAMILY = "1,2";
				TEST_TARGET_NAME = Landmarks;
			};
			name = Debug;
		};
		0069B6062C0F6FBC00CAF40A /* Release */ = {
			isa = XCBuildConfiguration;
			buildSettings = {
				ALWAYS_EMBED_SWIFT_STANDARD_LIBRARIES = YES;
				CODE_SIGN_STYLE = Automatic;
				CURRENT_PROJECT_VERSION = 1;
				DEVELOPMENT_TEAM = JQZ4NGLM6Z;
				GENERATE_INFOPLIST_FILE = YES;
				MARKETING_VERSION = 1.0;
				PRODUCT_BUNDLE_IDENTIFIER = name.guntherhaas.LandmarksUITests;
				PRODUCT_NAME = "$(TARGET_NAME)";
				SWIFT_EMIT_LOC_STRINGS = NO;
				SWIFT_VERSION = 5.0;
				TARGETED_DEVICE_FAMILY = "1,2";
				TEST_TARGET_NAME = Landmarks;
			};
			name = Release;
		};
/* End XCBuildConfiguration section */

/* Begin XCConfigurationList section */
		0069B5D52C0F6FBB00CAF40A /* Build configuration list for PBXProject "Landmarks" */ = {
			isa = XCConfigurationList;
			buildConfigurations = (
				0069B5FC2C0F6FBC00CAF40A /* Debug */,
				0069B5FD2C0F6FBC00CAF40A /* Release */,
			);
			defaultConfigurationIsVisible = 0;
			defaultConfigurationName = Release;
		};
		0069B5FE2C0F6FBC00CAF40A /* Build configuration list for PBXNativeTarget "Landmarks" */ = {
			isa = XCConfigurationList;
			buildConfigurations = (
				0069B5FF2C0F6FBC00CAF40A /* Debug */,
				0069B6002C0F6FBC00CAF40A /* Release */,
			);
			defaultConfigurationIsVisible = 0;
			defaultConfigurationName = Release;
		};
		0069B6012C0F6FBC00CAF40A /* Build configuration list for PBXNativeTarget "LandmarksTests" */ = {
			isa = XCConfigurationList;
			buildConfigurations = (
				0069B6022C0F6FBC00CAF40A /* Debug */,
				0069B6032C0F6FBC00CAF40A /* Release */,
			);
			defaultConfigurationIsVisible = 0;
			defaultConfigurationName = Release;
		};
		0069B6042C0F6FBC00CAF40A /* Build configuration list for PBXNativeTarget "LandmarksUITests" */ = {
			isa = XCConfigurationList;
			buildConfigurations = (
				0069B6052C0F6FBC00CAF40A /* Debug */,
				0069B6062C0F6FBC00CAF40A /* Release */,
			);
			defaultConfigurationIsVisible = 0;
			defaultConfigurationName = Release;
		};
/* End XCConfigurationList section */
	};
	rootObject = 0069B5D22C0F6FBB00CAF40A /* Project object */;
}
